
Microsoft Visual Studio Solution File, Format Version 12.00
# Visual Studio 15
VisualStudioVersion = 15.0.27703.2042
MinimumVisualStudioVersion = 10.0.40219.1
Project("{FAE04EC0-301F-11D3-BF4B-00C04F79EFBC}") = "Ex03.GarageLogic", "Ex03.GarageLogic\Ex03.GarageLogic.csproj", "{672EA98F-6406-476C-B225-3BF889921742}"
EndProject
Global
	GlobalSection(SolutionConfigurationPlatforms) = preSolution
		Debug|Any CPU = Debug|Any CPU
		Release|Any CPU = Release|Any CPU
	EndGlobalSection
	GlobalSection(ProjectConfigurationPlatforms) = postSolution
		{672EA98F-6406-476C-B225-3BF889921742}.Debug|Any CPU.ActiveCfg = Debug|Any CPU
		{672EA98F-6406-476C-B225-3BF889921742}.Debug|Any CPU.Build.0 = Debug|Any CPU
		{672EA98F-6406-476C-B225-3BF889921742}.Release|Any CPU.ActiveCfg = Release|Any CPU
		{672EA98F-6406-476C-B225-3BF889921742}.Release|Any CPU.Build.0 = Release|Any CPU
	EndGlobalSection
	GlobalSection(SolutionProperties) = preSolution
		HideSolutionNode = FALSE
	EndGlobalSection
	GlobalSection(ExtensibilityGlobals) = postSolution
		SolutionGuid = {3857BC44-2DCB-4CFA-893D-05896AC8B2FD}
	EndGlobalSection
EndGlobal
